
Microsoft Visual Studio Solution File, Format Version 12.00
# Visual Studio Version 17
VisualStudioVersion = 17.6.33712.159
MinimumVisualStudioVersion = 10.0.40219.1
Project("{FAE04EC0-301F-11D3-BF4B-00C04F79EFBC}") = "EntityFramework", "EntityFramework\EntityFramework.csproj", "{F5B1420A-266C-443D-9A20-03B0C527237D}"
EndProject
Project("{FAE04EC0-301F-11D3-BF4B-00C04F79EFBC}") = "DataBaseDemo", "DataBaseDemo\DataBaseDemo.csproj", "{8287E050-FCDA-4341-B956-4F5A6F56EDC7}"
EndProject
Global
	GlobalSection(SolutionConfigurationPlatforms) = preSolution
		Debug|Any CPU = Debug|Any CPU
		Release|Any CPU = Release|Any CPU
	EndGlobalSection
	GlobalSection(ProjectConfigurationPlatforms) = postSolution
		{F5B1420A-266C-443D-9A20-03B0C527237D}.Debug|Any CPU.ActiveCfg = Debug|Any CPU
		{F5B1420A-266C-443D-9A20-03B0C527237D}.Debug|Any CPU.Build.0 = Debug|Any CPU
		{F5B1420A-266C-443D-9A20-03B0C527237D}.Release|Any CPU.ActiveCfg = Release|Any CPU
		{F5B1420A-266C-443D-9A20-03B0C527237D}.Release|Any CPU.Build.0 = Release|Any CPU
		{8287E050-FCDA-4341-B956-4F5A6F56EDC7}.Debug|Any CPU.ActiveCfg = Debug|Any CPU
		{8287E050-FCDA-4341-B956-4F5A6F56EDC7}.Debug|Any CPU.Build.0 = Debug|Any CPU
		{8287E050-FCDA-4341-B956-4F5A6F56EDC7}.Release|Any CPU.ActiveCfg = Release|Any CPU
		{8287E050-FCDA-4341-B956-4F5A6F56EDC7}.Release|Any CPU.Build.0 = Release|Any CPU
	EndGlobalSection
	GlobalSection(SolutionProperties) = preSolution
		HideSolutionNode = FALSE
	EndGlobalSection
	GlobalSection(ExtensibilityGlobals) = postSolution
		SolutionGuid = {2685A88E-874B-4130-BEBC-261566EF0A18}
	EndGlobalSection
EndGlobal
